// !$*UTF8*$!
{
	archiveVersion = 1;
	classes = {
	};
	objectVersion = 77;
	objects = {

/* Begin PBXBuildFile section */
		FC5DCE0A2FA705FF006D6FC8 /* network-monitorWidget.appex in Embed Foundation Extensions */ = {isa = PBXBuildFile; fileRef = FC5DCE002FA705FF006D6FC8 /* network-monitorWidget.appex */; settings = {ATTRIBUTES = (RemoveHeadersOnCopy, ); }; };
		FCF8B15E2FA7169B0087B33C /* .gitignore in Resources */ = {isa = PBXBuildFile; fileRef = FCF8B15D2FA7169B0087B33C /* .gitignore */; };
		FCF8B1602FA716A30087B33C /* README.md in Resources */ = {isa = PBXBuildFile; fileRef = FCF8B15F2FA716A30087B33C /* README.md */; };
/* End PBXBuildFile section */

/* Begin PBXContainerItemProxy section */
		FC5DCDC12FA705FF006D6FC8 /* PBXContainerItemProxy */ = {
			isa = PBXContainerItemProxy;
			containerPortal = FC5DCDA92FA705FE006D6FC8 /* Project object */;
			proxyType = 1;
			remoteGlobalIDString = FC5DCDB02FA705FE006D6FC8;
			remoteInfo = "network-monitor";
		};
		FC5DCDCB2FA705FF006D6FC8 /* PBXContainerItemProxy */ = {
			isa = PBXContainerItemProxy;
			containerPortal = FC5DCDA92FA705FE006D6FC8 /* Project object */;
			proxyType = 1;
			remoteGlobalIDString = FC5DCDB02FA705FE006D6FC8;
			remoteInfo = "network-monitor";
		};
/* End PBXContainerItemProxy section */

/* Begin PBXCopyFilesBuildPhase section */
		FC5DCE092FA705FF006D6FC8 /* Embed Foundation Extensions */ = {
			isa = PBXCopyFilesBuildPhase;
			buildActionMask = 2147483647;
			dstPath = "";
			dstSubfolderSpec = 13;
			files = (
				FC5DCE0A2FA705FF006D6FC8 /* network-monitorWidget.appex in Embed Foundation Extensions */,
			);
			name = "Embed Foundation Extensions";
			runOnlyForDeploymentPostprocessing = 0;
		};
/* End PBXCopyFilesBuildPhase section */

/* Begin PBXFileReference section */
		FC5DCDB12FA705FE006D6FC8 /* network-monitor.app */ = {isa = PBXFileReference; explicitFileType = wrapper.application; includeInIndex = 0; path = "network-monitor.app"; sourceTree = BUILT_PRODUCTS_DIR; };
		FC5DCDC02FA705FF006D6FC8 /* network-monitorTests.xctest */ = {isa = PBXFileReference; explicitFileType = wrapper.cfbundle; includeInIndex = 0; path = "network-monitorTests.xctest"; sourceTree = BUILT_PRODUCTS_DIR; };
		FC5DCDCA2FA705FF006D6FC8 /* network-monitorUITests.xctest */ = {isa = PBXFileReference; explicitFileType = wrapper.cfbundle; includeInIndex = 0; path = "network-monitorUITests.xctest"; sourceTree = BUILT_PRODUCTS_DIR; };
		FC5DCE002FA705FF006D6FC8 /* network-monitorWidget.appex */ = {isa = PBXFileReference; explicitFileType = "wrapper.app-extension"; includeInIndex = 0; path = "network-monitorWidget.appex"; sourceTree = BUILT_PRODUCTS_DIR; };
		FCF8B15D2FA7169B0087B33C /* .gitignore */ = {isa = PBXFileReference; lastKnownFileType = text; path = .gitignore; sourceTree = "<group>"; };
		FCF8B15F2FA716A30087B33C /* README.md */ = {isa = PBXFileReference; lastKnownFileType = net.daringfireball.markdown; path = README.md; sourceTree = "<group>"; };
/* End PBXFileReference section */

/* Begin PBXFileSystemSynchronizedRootGroup section */
		FC5DCDB32FA705FE006D6FC8 /* network-monitor */ = {
			isa = PBXFileSystemSynchronizedRootGroup;
			path = "network-monitor";
			sourceTree = "<group>";
		};
		FC5DCDC32FA705FF006D6FC8 /* network-monitorTests */ = {
			isa = PBXFileSystemSynchronizedRootGroup;
			path = "network-monitorTests";
			sourceTree = "<group>";
		};
		FC5DCDCD2FA705FF006D6FC8 /* network-monitorUITests */ = {
			isa = PBXFileSystemSynchronizedRootGroup;
			path = "network-monitorUITests";
			sourceTree = "<group>";
		};
		FC5DCE012FA705FF006D6FC8 /* network-monitorWidget */ = {
			isa = PBXFileSystemSynchronizedRootGroup;
			path = "network-monitorWidget";
			sourceTree = "<group>";
		};
/* End PBXFileSystemSynchronizedRootGroup section */

/* Begin PBXFrameworksBuildPhase section */
		FC5DCDAE2FA705FE006D6FC8 /* Frameworks */ = {
			isa = PBXFrameworksBuildPhase;
			buildActionMask = 2147483647;
			files = (
			);
			runOnlyForDeploymentPostprocessing = 0;
		};
		FC5DCDBD2FA705FF006D6FC8 /* Frameworks */ = {
			isa = PBXFrameworksBuildPhase;
			buildActionMask = 2147483647;
			files = (
			);
			runOnlyForDeploymentPostprocessing = 0;
		};
		FC5DCDC72FA705FF006D6FC8 /* Frameworks */ = {
			isa = PBXFrameworksBuildPhase;
			buildActionMask = 2147483647;
			files = (
			);
			runOnlyForDeploymentPostprocessing = 0;
		};
		FC5DCE032FA705FF006D6FC8 /* Frameworks */ = {
			isa = PBXFrameworksBuildPhase;
			buildActionMask = 2147483647;
			files = (
			);
			runOnlyForDeploymentPostprocessing = 0;
		};
/* End PBXFrameworksBuildPhase section */

/* Begin PBXGroup section */
		FC5DCDA82FA705FE006D6FC8 = {
			isa = PBXGroup;
			children = (
				FC5DCDB32FA705FE006D6FC8 /* network-monitor */,
				FC5DCE012FA705FF006D6FC8 /* network-monitorWidget */,
				FC5DCDC32FA705FF006D6FC8 /* network-monitorTests */,
				FC5DCDCD2FA705FF006D6FC8 /* network-monitorUITests */,
				FC5DCDB22FA705FE006D6FC8 /* Products */,
				FCF8B15D2FA7169B0087B33C /* .gitignore */,
				FCF8B15F2FA716A30087B33C /* README.md */,
			);
			sourceTree = "<group>";
		};
		FC5DCDB22FA705FE006D6FC8 /* Products */ = {
			isa = PBXGroup;
			children = (
				FC5DCDB12FA705FE006D6FC8 /* network-monitor.app */,
				FC5DCE002FA705FF006D6FC8 /* network-monitorWidget.appex */,
				FC5DCDC02FA705FF006D6FC8 /* network-monitorTests.xctest */,
				FC5DCDCA2FA705FF006D6FC8 /* network-monitorUITests.xctest */,
			);
			name = Products;
			sourceTree = "<group>";
		};
/* End PBXGroup section */

/* Begin PBXNativeTarget section */
		FC5DCDB02FA705FE006D6FC8 /* network-monitor */ = {
			isa = PBXNativeTarget;
			buildConfigurationList = FC5DCDD42FA705FF006D6FC8 /* Build configuration list for PBXNativeTarget "network-monitor" */;
			buildPhases = (
				FC5DCDAD2FA705FE006D6FC8 /* Sources */,
				FC5DCDAE2FA705FE006D6FC8 /* Frameworks */,
				FC5DCDAF2FA705FE006D6FC8 /* Resources */,
				FC5DCE092FA705FF006D6FC8 /* Embed Foundation Extensions */,
			);
			buildRules = (
			);
			dependencies = (
			);
			fileSystemSynchronizedGroups = (
				FC5DCDB32FA705FE006D6FC8 /* network-monitor */,
			);
			name = "network-monitor";
			packageProductDependencies = (
			);
			productName = "network-monitor";
			productReference = FC5DCDB12FA705FE006D6FC8 /* network-monitor.app */;
			productType = "com.apple.product-type.application";
		};
		FC5DCDBF2FA705FF006D6FC8 /* network-monitorTests */ = {
			isa = PBXNativeTarget;
			buildConfigurationList = FC5DCDD72FA705FF006D6FC8 /* Build configuration list for PBXNativeTarget "network-monitorTests" */;
			buildPhases = (
				FC5DCDBC2FA705FF006D6FC8 /* Sources */,
				FC5DCDBD2FA705FF006D6FC8 /* Frameworks */,
				FC5DCDBE2FA705FF006D6FC8 /* Resources */,
			);
			buildRules = (
			);
			dependencies = (
				FC5DCDC22FA705FF006D6FC8 /* PBXTargetDependency */,
			);
			fileSystemSynchronizedGroups = (
				FC5DCDC32FA705FF006D6FC8 /* network-monitorTests */,
			);
			name = "network-monitorTests";
			packageProductDependencies = (
			);
			productName = "network-monitorTests";
			productReference = FC5DCDC02FA705FF006D6FC8 /* network-monitorTests.xctest */;
			productType = "com.apple.product-type.bundle.unit-test";
		};
		FC5DCDC92FA705FF006D6FC8 /* network-monitorUITests */ = {
			isa = PBXNativeTarget;
			buildConfigurationList = FC5DCDDA2FA705FF006D6FC8 /* Build configuration list for PBXNativeTarget "network-monitorUITests" */;
			buildPhases = (
				FC5DCDC62FA705FF006D6FC8 /* Sources */,
				FC5DCDC72FA705FF006D6FC8 /* Frameworks */,
				FC5DCDC82FA705FF006D6FC8 /* Resources */,
			);
			buildRules = (
			);
			dependencies = (
				FC5DCDCC2FA705FF006D6FC8 /* PBXTargetDependency */,
			);
			fileSystemSynchronizedGroups = (
				FC5DCDCD2FA705FF006D6FC8 /* network-monitorUITests */,
			);
			name = "network-monitorUITests";
			packageProductDependencies = (
			);
			productName = "network-monitorUITests";
			productReference = FC5DCDCA2FA705FF006D6FC8 /* network-monitorUITests.xctest */;
			productType = "com.apple.product-type.bundle.ui-testing";
		};
		FC5DCE052FA705FF006D6FC8 /* network-monitorWidget */ = {
			isa = PBXNativeTarget;
			buildConfigurationList = FC5DCE082FA705FF006D6FC8 /* Build configuration list for PBXNativeTarget "network-monitorWidget" */;
			buildPhases = (
				FC5DCE022FA705FF006D6FC8 /* Sources */,
				FC5DCE032FA705FF006D6FC8 /* Frameworks */,
				FC5DCE042FA705FF006D6FC8 /* Resources */,
			);
			buildRules = (
			);
			dependencies = (
			);
			fileSystemSynchronizedGroups = (
				FC5DCE012FA705FF006D6FC8 /* network-monitorWidget */,
			);
			name = "network-monitorWidget";
			packageProductDependencies = (
			);
			productName = "network-monitorWidget";
			productReference = FC5DCE002FA705FF006D6FC8 /* network-monitorWidget.appex */;
			productType = "com.apple.product-type.app-extension";
		};
/* End PBXNativeTarget section */

/* Begin PBXProject section */
		FC5DCDA92FA705FE006D6FC8 /* Project object */ = {
			isa = PBXProject;
			attributes = {
				BuildIndependentTargetsInParallel = 1;
				LastSwiftUpdateCheck = 2630;
				LastUpgradeCheck = 2630;
				TargetAttributes = {
					FC5DCDB02FA705FE006D6FC8 = {
						CreatedOnToolsVersion = 26.3;
					};
					FC5DCDBF2FA705FF006D6FC8 = {
						CreatedOnToolsVersion = 26.3;
						TestTargetID = FC5DCDB02FA705FE006D6FC8;
					};
					FC5DCDC92FA705FF006D6FC8 = {
						CreatedOnToolsVersion = 26.3;
						TestTargetID = FC5DCDB02FA705FE006D6FC8;
					};
					FC5DCE052FA705FF006D6FC8 = {
						CreatedOnToolsVersion = 26.3;
					};
				};
			};
			buildConfigurationList = FC5DCDAC2FA705FE006D6FC8 /* Build configuration list for PBXProject "network-monitor" */;
			developmentRegion = en;
			hasScannedForEncodings = 0;
			knownRegions = (
				en,
				Base,
			);
			mainGroup = FC5DCDA82FA705FE006D6FC8;
			minimizedProjectReferenceProxies = 1;
			preferredProjectObjectVersion = 77;
			productRefGroup = FC5DCDB22FA705FE006D6FC8 /* Products */;
			projectDirPath = "";
			projectRoot = "";
			targets = (
				FC5DCDB02FA705FE006D6FC8 /* network-monitor */,
				FC5DCE052FA705FF006D6FC8 /* network-monitorWidget */,
				FC5DCDBF2FA705FF006D6FC8 /* network-monitorTests */,
				FC5DCDC92FA705FF006D6FC8 /* network-monitorUITests */,
			);
		};
/* End PBXProject section */

/* Begin PBXResourcesBuildPhase section */
		FC5DCDAF2FA705FE006D6FC8 /* Resources */ = {
			isa = PBXResourcesBuildPhase;
			buildActionMask = 2147483647;
			files = (
				FCF8B1602FA716A30087B33C /* README.md in Resources */,
				FCF8B15E2FA7169B0087B33C /* .gitignore in Resources */,
			);
			runOnlyForDeploymentPostprocessing = 0;
		};
		FC5DCDBE2FA705FF006D6FC8 /* Resources */ = {
			isa = PBXResourcesBuildPhase;
			buildActionMask = 2147483647;
			files = (
			);
			runOnlyForDeploymentPostprocessing = 0;
		};
		FC5DCDC82FA705FF006D6FC8 /* Resources */ = {
			isa = PBXResourcesBuildPhase;
			buildActionMask = 2147483647;
			files = (
			);
			runOnlyForDeploymentPostprocessing = 0;
		};
		FC5DCE042FA705FF006D6FC8 /* Resources */ = {
			isa = PBXResourcesBuildPhase;
			buildActionMask = 2147483647;
			files = (
			);
			runOnlyForDeploymentPostprocessing = 0;
		};
/* End PBXResourcesBuildPhase section */

/* Begin PBXSourcesBuildPhase section */
		FC5DCDAD2FA705FE006D6FC8 /* Sources */ = {
			isa = PBXSourcesBuildPhase;
			buildActionMask = 2147483647;
			files = (
			);
			runOnlyForDeploymentPostprocessing = 0;
		};
		FC5DCDBC2FA705FF006D6FC8 /* Sources */ = {
			isa = PBXSourcesBuildPhase;
			buildActionMask = 2147483647;
			files = (
			);
			runOnlyForDeploymentPostprocessing = 0;
		};
		FC5DCDC62FA705FF006D6FC8 /* Sources */ = {
			isa = PBXSourcesBuildPhase;
			buildActionMask = 2147483647;
			files = (
			);
			runOnlyForDeploymentPostprocessing = 0;
		};
		FC5DCE022FA705FF006D6FC8 /* Sources */ = {
			isa = PBXSourcesBuildPhase;
			buildActionMask = 2147483647;
			files = (
			);
			runOnlyForDeploymentPostprocessing = 0;
		};
/* End PBXSourcesBuildPhase section */

/* Begin PBXTargetDependency section */
		FC5DCDC22FA705FF006D6FC8 /* PBXTargetDependency */ = {
			isa = PBXTargetDependency;
			target = FC5DCDB02FA705FE006D6FC8 /* network-monitor */;
			targetProxy = FC5DCDC12FA705FF006D6FC8 /* PBXContainerItemProxy */;
		};
		FC5DCDCC2FA705FF006D6FC8 /* PBXTargetDependency */ = {
			isa = PBXTargetDependency;
			target = FC5DCDB02FA705FE006D6FC8 /* network-monitor */;
			targetProxy = FC5DCDCB2FA705FF006D6FC8 /* PBXContainerItemProxy */;
		};
/* End PBXTargetDependency section */

/* Begin XCBuildConfiguration section */
		FC5DCDD22FA705FF006D6FC8 /* Debug */ = {
			isa = XCBuildConfiguration;
			buildSettings = {
				ALWAYS_SEARCH_USER_PATHS = NO;
				ASSETCATALOG_COMPILER_GENERATE_SWIFT_ASSET_SYMBOL_EXTENSIONS = YES;
				CLANG_ANALYZER_NONNULL = YES;
				CLANG_ANALYZER_NUMBER_OBJECT_CONVERSION = YES_AGGRESSIVE;
				CLANG_CXX_LANGUAGE_STANDARD = "gnu++20";
				CLANG_ENABLE_MODULES = YES;
				CLANG_ENABLE_OBJC_ARC = YES;
				CLANG_ENABLE_OBJC_WEAK = YES;
				CLANG_WARN_BLOCK_CAPTURE_AUTORELEASING = YES;
				CLANG_WARN_BOOL_CONVERSION = YES;
				CLANG_WARN_COMMA = YES;
				CLANG_WARN_CONSTANT_CONVERSION = YES;
				CLANG_WARN_DEPRECATED_OBJC_IMPLEMENTATIONS = YES;
				CLANG_WARN_DIRECT_OBJC_ISA_USAGE = YES_ERROR;
				CLANG_WARN_DOCUMENTATION_COMMENTS = YES;
				CLANG_WARN_EMPTY_BODY = YES;
				CLANG_WARN_ENUM_CONVERSION = YES;
				CLANG_WARN_INFINITE_RECURSION = YES;
				CLANG_WARN_INT_CONVERSION = YES;
				CLANG_WARN_NON_LITERAL_NULL_CONVERSION = YES;
				CLANG_WARN_OBJC_IMPLICIT_RETAIN_SELF = YES;
				CLANG_WARN_OBJC_LITERAL_CONVERSION = YES;
				CLANG_WARN_OBJC_ROOT_CLASS = YES_ERROR;
				CLANG_WARN_QUOTED_INCLUDE_IN_FRAMEWORK_HEADER = YES;
				CLANG_WARN_RANGE_LOOP_ANALYSIS = YES;
				CLANG_WARN_STRICT_PROTOTYPES = YES;
				CLANG_WARN_SUSPICIOUS_MOVE = YES;
				CLANG_WARN_UNGUARDED_AVAILABILITY = YES_AGGRESSIVE;
				CLANG_WARN_UNREACHABLE_CODE = YES;
				CLANG_WARN__DUPLICATE_METHOD_MATCH = YES;
				COPY_PHASE_STRIP = NO;
				DEBUG_INFORMATION_FORMAT = dwarf;
				DEVELOPMENT_TEAM = 3FCPJXA6FP;
				ENABLE_STRICT_OBJC_MSGSEND = YES;
				ENABLE_TESTABILITY = YES;
				ENABLE_USER_SCRIPT_SANDBOXING = YES;
				GCC_C_LANGUAGE_STANDARD = gnu17;
				GCC_DYNAMIC_NO_PIC = NO;
				GCC_NO_COMMON_BLOCKS = YES;
				GCC_OPTIMIZATION_LEVEL = 0;
				GCC_PREPROCESSOR_DEFINITIONS = (
					"DEBUG=1",
					"$(inherited)",
				);
				GCC_WARN_64_TO_32_BIT_CONVERSION = YES;
				GCC_WARN_ABOUT_RETURN_TYPE = YES_ERROR;
				GCC_WARN_UNDECLARED_SELECTOR = YES;
				GCC_WARN_UNINITIALIZED_AUTOS = YES_AGGRESSIVE;
				GCC_WARN_UNUSED_FUNCTION = YES;
				GCC_WARN_UNUSED_VARIABLE = YES;
				IPHONEOS_DEPLOYMENT_TARGET = 26.2;
				LOCALIZATION_PREFERS_STRING_CATALOGS = YES;
				MTL_ENABLE_DEBUG_INFO = INCLUDE_SOURCE;
				MTL_FAST_MATH = YES;
				ONLY_ACTIVE_ARCH = YES;
				SDKROOT = iphoneos;
				SWIFT_ACTIVE_COMPILATION_CONDITIONS = "DEBUG $(inherited)";
				SWIFT_OPTIMIZATION_LEVEL = "-Onone";
			};
			name = Debug;
		};
		FC5DCDD32FA705FF006D6FC8 /* Release */ = {
			isa = XCBuildConfiguration;
			buildSettings = {
				ALWAYS_SEARCH_USER_PATHS = NO;
				ASSETCATALOG_COMPILER_GENERATE_SWIFT_ASSET_SYMBOL_EXTENSIONS = YES;
				CLANG_ANALYZER_NONNULL = YES;
				CLANG_ANALYZER_NUMBER_OBJECT_CONVERSION = YES_AGGRESSIVE;
				CLANG_CXX_LANGUAGE_STANDARD = "gnu++20";
				CLANG_ENABLE_MODULES = YES;
				CLANG_ENABLE_OBJC_ARC = YES;
				CLANG_ENABLE_OBJC_WEAK = YES;
				CLANG_WARN_BLOCK_CAPTURE_AUTORELEASING = YES;
				CLANG_WARN_BOOL_CONVERSION = YES;
				CLANG_WARN_COMMA = YES;
				CLANG_WARN_CONSTANT_CONVERSION = YES;
				CLANG_WARN_DEPRECATED_OBJC_IMPLEMENTATIONS = YES;
				CLANG_WARN_DIRECT_OBJC_ISA_USAGE = YES_ERROR;
				CLANG_WARN_DOCUMENTATION_COMMENTS = YES;
				CLANG_WARN_EMPTY_BODY = YES;
				CLANG_WARN_ENUM_CONVERSION = YES;
				CLANG_WARN_INFINITE_RECURSION = YES;
				CLANG_WARN_INT_CONVERSION = YES;
				CLANG_WARN_NON_LITERAL_NULL_CONVERSION = YES;
				CLANG_WARN_OBJC_IMPLICIT_RETAIN_SELF = YES;
				CLANG_WARN_OBJC_LITERAL_CONVERSION = YES;
				CLANG_WARN_OBJC_ROOT_CLASS = YES_ERROR;
				CLANG_WARN_QUOTED_INCLUDE_IN_FRAMEWORK_HEADER = YES;
				CLANG_WARN_RANGE_LOOP_ANALYSIS = YES;
				CLANG_WARN_STRICT_PROTOTYPES = YES;
				CLANG_WARN_SUSPICIOUS_MOVE = YES;
				CLANG_WARN_UNGUARDED_AVAILABILITY = YES_AGGRESSIVE;
				CLANG_WARN_UNREACHABLE_CODE = YES;
				CLANG_WARN__DUPLICATE_METHOD_MATCH = YES;
				COPY_PHASE_STRIP = NO;
				DEBUG_INFORMATION_FORMAT = "dwarf-with-dsym";
				DEVELOPMENT_TEAM = 3FCPJXA6FP;
				ENABLE_NS_ASSERTIONS = NO;
				ENABLE_STRICT_OBJC_MSGSEND = YES;
				ENABLE_USER_SCRIPT_SANDBOXING = YES;
				GCC_C_LANGUAGE_STANDARD = gnu17;
				GCC_NO_COMMON_BLOCKS = YES;
				GCC_WARN_64_TO_32_BIT_CONVERSION = YES;
				GCC_WARN_ABOUT_RETURN_TYPE = YES_ERROR;
				GCC_WARN_UNDECLARED_SELECTOR = YES;
				GCC_WARN_UNINITIALIZED_AUTOS = YES_AGGRESSIVE;
				GCC_WARN_UNUSED_FUNCTION = YES;
				GCC_WARN_UNUSED_VARIABLE = YES;
				IPHONEOS_DEPLOYMENT_TARGET = 26.2;
				LOCALIZATION_PREFERS_STRING_CATALOGS = YES;
				MTL_ENABLE_DEBUG_INFO = NO;
				MTL_FAST_MATH = YES;
				SDKROOT = iphoneos;
				SWIFT_COMPILATION_MODE = wholemodule;
				VALIDATE_PRODUCT = YES;
			};
			name = Release;
		};
		FC5DCDD52FA705FF006D6FC8 /* Debug */ = {
			isa = XCBuildConfiguration;
			buildSettings = {
				ASSETCATALOG_COMPILER_APPICON_NAME = AppIcon;
				ASSETCATALOG_COMPILER_GLOBAL_ACCENT_COLOR_NAME = AccentColor;
				CODE_SIGN_STYLE = Automatic;
				CURRENT_PROJECT_VERSION = 1;
				DEVELOPMENT_TEAM = 3FCPJXA6FP;
				ENABLE_PREVIEWS = YES;
				GENERATE_INFOPLIST_FILE = NO;
				INFOPLIST_FILE = Info.plist;
				LD_RUNPATH_SEARCH_PATHS = (
					"$(inherited)",
					"@executable_path/Frameworks",
				);
				MARKETING_VERSION = 1.0;
				PRODUCT_BUNDLE_IDENTIFIER = "starmanblog.net.network-monitor";
				PRODUCT_NAME = "$(TARGET_NAME)";
				STRING_CATALOG_GENERATE_SYMBOLS = YES;
				SWIFT_APPROACHABLE_CONCURRENCY = YES;
				SWIFT_DEFAULT_ACTOR_ISOLATION = MainActor;
				SWIFT_EMIT_LOC_STRINGS = YES;
				SWIFT_UPCOMING_FEATURE_MEMBER_IMPORT_VISIBILITY = YES;
				SWIFT_VERSION = 5.0;
				TARGETED_DEVICE_FAMILY = "1,2";
			};
			name = Debug;
		};
		FC5DCDD62FA705FF006D6FC8 /* Release */ = {
			isa = XCBuildConfiguration;
			buildSettings = {
				ASSETCATALOG_COMPILER_APPICON_NAME = AppIcon;
				ASSETCATALOG_COMPILER_GLOBAL_ACCENT_COLOR_NAME = AccentColor;
				CODE_SIGN_ENTITLEMENTS = "network-monitor/network-monitorRelease.entitlements";
				CODE_SIGN_STYLE = Automatic;
				CURRENT_PROJECT_VERSION = 1;
				DEVELOPMENT_TEAM = 3FCPJXA6FP;
				ENABLE_PREVIEWS = YES;
				GENERATE_INFOPLIST_FILE = NO;
				INFOPLIST_FILE = Info.plist;
				LD_RUNPATH_SEARCH_PATHS = (
					"$(inherited)",
					"@executable_path/Frameworks",
				);
				MARKETING_VERSION = 1.0;
				PRODUCT_BUNDLE_IDENTIFIER = "starmanblog.net.network-monitor";
				PRODUCT_NAME = "$(TARGET_NAME)";
				STRING_CATALOG_GENERATE_SYMBOLS = YES;
				SWIFT_APPROACHABLE_CONCURRENCY = YES;
				SWIFT_DEFAULT_ACTOR_ISOLATION = MainActor;
				SWIFT_EMIT_LOC_STRINGS = YES;
				SWIFT_UPCOMING_FEATURE_MEMBER_IMPORT_VISIBILITY = YES;
				SWIFT_VERSION = 5.0;
				TARGETED_DEVICE_FAMILY = "1,2";
			};
			name = Release;
		};
		FC5DCDD82FA705FF006D6FC8 /* Debug */ = {
			isa = XCBuildConfiguration;
			buildSettings = {
				BUNDLE_LOADER = "$(TEST_HOST)";
				CODE_SIGN_STYLE = Automatic;
				CURRENT_PROJECT_VERSION = 1;
				DEVELOPMENT_TEAM = 3FCPJXA6FP;
				GENERATE_INFOPLIST_FILE = YES;
				IPHONEOS_DEPLOYMENT_TARGET = 26.2;
				MARKETING_VERSION = 1.0;
				PRODUCT_BUNDLE_IDENTIFIER = "starmanblog.net.network-monitorTests";
				PRODUCT_NAME = "$(TARGET_NAME)";
				STRING_CATALOG_GENERATE_SYMBOLS = NO;
				SWIFT_APPROACHABLE_CONCURRENCY = YES;
				SWIFT_EMIT_LOC_STRINGS = NO;
				SWIFT_UPCOMING_FEATURE_MEMBER_IMPORT_VISIBILITY = YES;
				SWIFT_VERSION = 5.0;
				TARGETED_DEVICE_FAMILY = "1,2";
				TEST_HOST = "$(BUILT_PRODUCTS_DIR)/network-monitor.app/$(BUNDLE_EXECUTABLE_FOLDER_PATH)/network-monitor";
			};
			name = Debug;
		};
		FC5DCDD92FA705FF006D6FC8 /* Release */ = {
			isa = XCBuildConfiguration;
			buildSettings = {
				BUNDLE_LOADER = "$(TEST_HOST)";
				CODE_SIGN_STYLE = Automatic;
				CURRENT_PROJECT_VERSION = 1;
				DEVELOPMENT_TEAM = 3FCPJXA6FP;
				GENERATE_INFOPLIST_FILE = YES;
				IPHONEOS_DEPLOYMENT_TARGET = 26.2;
				MARKETING_VERSION = 1.0;
				PRODUCT_BUNDLE_IDENTIFIER = "starmanblog.net.network-monitorTests";
				PRODUCT_NAME = "$(TARGET_NAME)";
				STRING_CATALOG_GENERATE_SYMBOLS = NO;
				SWIFT_APPROACHABLE_CONCURRENCY = YES;
				SWIFT_EMIT_LOC_STRINGS = NO;
				SWIFT_UPCOMING_FEATURE_MEMBER_IMPORT_VISIBILITY = YES;
				SWIFT_VERSION = 5.0;
				TARGETED_DEVICE_FAMILY = "1,2";
				TEST_HOST = "$(BUILT_PRODUCTS_DIR)/network-monitor.app/$(BUNDLE_EXECUTABLE_FOLDER_PATH)/network-monitor";
			};
			name = Release;
		};
		FC5DCDDB2FA705FF006D6FC8 /* Debug */ = {
			isa = XCBuildConfiguration;
			buildSettings = {
				CODE_SIGN_STYLE = Automatic;
				CURRENT_PROJECT_VERSION = 1;
				DEVELOPMENT_TEAM = 3FCPJXA6FP;
				GENERATE_INFOPLIST_FILE = YES;
				MARKETING_VERSION = 1.0;
				PRODUCT_BUNDLE_IDENTIFIER = "starmanblog.net.network-monitorUITests";
				PRODUCT_NAME = "$(TARGET_NAME)";
				STRING_CATALOG_GENERATE_SYMBOLS = NO;
				SWIFT_APPROACHABLE_CONCURRENCY = YES;
				SWIFT_EMIT_LOC_STRINGS = NO;
				SWIFT_UPCOMING_FEATURE_MEMBER_IMPORT_VISIBILITY = YES;
				SWIFT_VERSION = 5.0;
				TARGETED_DEVICE_FAMILY = "1,2";
				TEST_TARGET_NAME = "network-monitor";
			};
			name = Debug;
		};
		FC5DCDDC2FA705FF006D6FC8 /* Release */ = {
			isa = XCBuildConfiguration;
			buildSettings = {
				CODE_SIGN_STYLE = Automatic;
				CURRENT_PROJECT_VERSION = 1;
				DEVELOPMENT_TEAM = 3FCPJXA6FP;
				GENERATE_INFOPLIST_FILE = YES;
				MARKETING_VERSION = 1.0;
				PRODUCT_BUNDLE_IDENTIFIER = "starmanblog.net.network-monitorUITests";
				PRODUCT_NAME = "$(TARGET_NAME)";
				STRING_CATALOG_GENERATE_SYMBOLS = NO;
				SWIFT_APPROACHABLE_CONCURRENCY = YES;
				SWIFT_EMIT_LOC_STRINGS = NO;
				SWIFT_UPCOMING_FEATURE_MEMBER_IMPORT_VISIBILITY = YES;
				SWIFT_VERSION = 5.0;
				TARGETED_DEVICE_FAMILY = "1,2";
				TEST_TARGET_NAME = "network-monitor";
			};
			name = Release;
		};
		FC5DCE062FA705FF006D6FC8 /* Debug */ = {
			isa = XCBuildConfiguration;
			buildSettings = {
				CODE_SIGN_STYLE = Automatic;
				CURRENT_PROJECT_VERSION = 1;
				DEVELOPMENT_TEAM = 3FCPJXA6FP;
				GENERATE_INFOPLIST_FILE = NO;
				INFOPLIST_FILE = "WidgetInfo.plist";
				IPHONEOS_DEPLOYMENT_TARGET = 26.2;
				LD_RUNPATH_SEARCH_PATHS = (
					"$(inherited)",
					"@executable_path/../../Frameworks",
				);
				MARKETING_VERSION = 1.0;
				PRODUCT_BUNDLE_IDENTIFIER = "starmanblog.net.network-monitor.widget";
				PRODUCT_NAME = "$(TARGET_NAME)";
				SKIP_INSTALL = YES;
				SWIFT_APPROACHABLE_CONCURRENCY = YES;
				SWIFT_DEFAULT_ACTOR_ISOLATION = MainActor;
				SWIFT_EMIT_LOC_STRINGS = YES;
				SWIFT_UPCOMING_FEATURE_MEMBER_IMPORT_VISIBILITY = YES;
				SWIFT_VERSION = 5.0;
				TARGETED_DEVICE_FAMILY = "1,2";
			};
			name = Debug;
		};
		FC5DCE072FA705FF006D6FC8 /* Release */ = {
			isa = XCBuildConfiguration;
			buildSettings = {
				CODE_SIGN_ENTITLEMENTS = "network-monitorWidget/network-monitorWidgetRelease.entitlements";
				CODE_SIGN_STYLE = Automatic;
				CURRENT_PROJECT_VERSION = 1;
				DEVELOPMENT_TEAM = 3FCPJXA6FP;
				GENERATE_INFOPLIST_FILE = NO;
				INFOPLIST_FILE = "WidgetInfo.plist";
				IPHONEOS_DEPLOYMENT_TARGET = 26.2;
				LD_RUNPATH_SEARCH_PATHS = (
					"$(inherited)",
					"@executable_path/../../Frameworks",
				);
				MARKETING_VERSION = 1.0;
				PRODUCT_BUNDLE_IDENTIFIER = "starmanblog.net.network-monitor.widget";
				PRODUCT_NAME = "$(TARGET_NAME)";
				SKIP_INSTALL = YES;
				SWIFT_APPROACHABLE_CONCURRENCY = YES;
				SWIFT_DEFAULT_ACTOR_ISOLATION = MainActor;
				SWIFT_EMIT_LOC_STRINGS = YES;
				SWIFT_UPCOMING_FEATURE_MEMBER_IMPORT_VISIBILITY = YES;
				SWIFT_VERSION = 5.0;
				TARGETED_DEVICE_FAMILY = "1,2";
			};
			name = Release;
		};
/* End XCBuildConfiguration section */

/* Begin XCConfigurationList section */
		FC5DCDAC2FA705FE006D6FC8 /* Build configuration list for PBXProject "network-monitor" */ = {
			isa = XCConfigurationList;
			buildConfigurations = (
				FC5DCDD22FA705FF006D6FC8 /* Debug */,
				FC5DCDD32FA705FF006D6FC8 /* Release */,
			);
			defaultConfigurationIsVisible = 0;
			defaultConfigurationName = Release;
		};
		FC5DCDD42FA705FF006D6FC8 /* Build configuration list for PBXNativeTarget "network-monitor" */ = {
			isa = XCConfigurationList;
			buildConfigurations = (
				FC5DCDD52FA705FF006D6FC8 /* Debug */,
				FC5DCDD62FA705FF006D6FC8 /* Release */,
			);
			defaultConfigurationIsVisible = 0;
			defaultConfigurationName = Release;
		};
		FC5DCDD72FA705FF006D6FC8 /* Build configuration list for PBXNativeTarget "network-monitorTests" */ = {
			isa = XCConfigurationList;
			buildConfigurations = (
				FC5DCDD82FA705FF006D6FC8 /* Debug */,
				FC5DCDD92FA705FF006D6FC8 /* Release */,
			);
			defaultConfigurationIsVisible = 0;
			defaultConfigurationName = Release;
		};
		FC5DCDDA2FA705FF006D6FC8 /* Build configuration list for PBXNativeTarget "network-monitorUITests" */ = {
			isa = XCConfigurationList;
			buildConfigurations = (
				FC5DCDDB2FA705FF006D6FC8 /* Debug */,
				FC5DCDDC2FA705FF006D6FC8 /* Release */,
			);
			defaultConfigurationIsVisible = 0;
			defaultConfigurationName = Release;
		};
		FC5DCE082FA705FF006D6FC8 /* Build configuration list for PBXNativeTarget "network-monitorWidget" */ = {
			isa = XCConfigurationList;
			buildConfigurations = (
				FC5DCE062FA705FF006D6FC8 /* Debug */,
				FC5DCE072FA705FF006D6FC8 /* Release */,
			);
			defaultConfigurationIsVisible = 0;
			defaultConfigurationName = Release;
		};
/* End XCConfigurationList section */
	};
	rootObject = FC5DCDA92FA705FE006D6FC8 /* Project object */;
}
